PODS:
  - eghlflutter (1.0.0):
    - Flutter
  - Flutter (1.0.0)

DEPENDENCIES:
  - eghlflutter (from `.symlinks/plugins/eghlflutter/ios`)
  - Flutter (from `Flutter`)

EXTERNAL SOURCES:
  eghlflutter:
    :path: ".symlinks/plugins/eghlflutter/ios"
  Flutter:
    :path: Flutter

SPEC CHECKSUMS:
  eghlflutter: 26795f3cc66e95001f6f5e2090ca58a5ba7d51d8
  Flutter: 0e3d915762c693b495b44d77113d4970485de6ec

PODFILE CHECKSUM: 8e679eca47255a8ca8067c4c67aab20e64cb974d

COCOAPODS: 1.9.3
